
Microsoft Visual Studio Solution File, Format Version 12.00
# Visual Studio Version 17
VisualStudioVersion = 17.14.36623.8 d17.14
MinimumVisualStudioVersion = 10.0.40219.1
Project("{FAE04EC0-301F-11D3-BF4B-00C04F79EFBC}") = "DosyaYonetimi.API", "DosyaYonetimi.API\DosyaYonetimi.API.csproj", "{83E90957-EDBC-4A1B-960F-812693FEAA2C}"
EndProject
Project("{FAE04EC0-301F-11D3-BF4B-00C04F79EFBC}") = "DosyaYonetimi.UI", "DosyaYonetimi.UI\DosyaYonetimi.UI.csproj", "{7FAE1482-9433-4AFE-9C16-601FBB7CAFB0}"
EndProject
Global
	GlobalSection(SolutionConfigurationPlatforms) = preSolution
		Debug|Any CPU = Debug|Any CPU
		Release|Any CPU = Release|Any CPU
	EndGlobalSection
	GlobalSection(ProjectConfigurationPlatforms) = postSolution
		{83E90957-EDBC-4A1B-960F-812693FEAA2C}.Debug|Any CPU.ActiveCfg = Debug|Any CPU
		{83E90957-EDBC-4A1B-960F-812693FEAA2C}.Debug|Any CPU.Build.0 = Debug|Any CPU
		{83E90957-EDBC-4A1B-960F-812693FEAA2C}.Release|Any CPU.ActiveCfg = Release|Any CPU
		{83E90957-EDBC-4A1B-960F-812693FEAA2C}.Release|Any CPU.Build.0 = Release|Any CPU
		{7FAE1482-9433-4AFE-9C16-601FBB7CAFB0}.Debug|Any CPU.ActiveCfg = Debug|Any CPU
		{7FAE1482-9433-4AFE-9C16-601FBB7CAFB0}.Debug|Any CPU.Build.0 = Debug|Any CPU
		{7FAE1482-9433-4AFE-9C16-601FBB7CAFB0}.Release|Any CPU.ActiveCfg = Release|Any CPU
		{7FAE1482-9433-4AFE-9C16-601FBB7CAFB0}.Release|Any CPU.Build.0 = Release|Any CPU
	EndGlobalSection
	GlobalSection(SolutionProperties) = preSolution
		HideSolutionNode = FALSE
	EndGlobalSection
	GlobalSection(ExtensibilityGlobals) = postSolution
		SolutionGuid = {3FBFE9CA-899C-415A-82C8-4C7B8467BC65}
	EndGlobalSection
EndGlobal
